
Microsoft Visual Studio Solution File, Format Version 12.00
# Visual Studio 15
VisualStudioVersion = 15.0.26430.16
MinimumVisualStudioVersion = 10.0.40219.1
Project("{9A19103F-16F7-4668-BE54-9A1E7A4F7556}") = "SJP.Fabulous", "SJP.Fabulous\SJP.Fabulous.csproj", "{B1B69BA7-1DB8-4709-8732-4A8B54493CBC}"
EndProject
Project("{FAE04EC0-301F-11D3-BF4B-00C04F79EFBC}") = "SJP.Fabulous.ConsoleTest", "SJP.Fabulous.ConsoleTest\SJP.Fabulous.ConsoleTest.csproj", "{21E22C85-EC26-4DA8-9CF0-1BE0E94916C0}"
EndProject
Project("{9A19103F-16F7-4668-BE54-9A1E7A4F7556}") = "SJP.Fabulous.CoreConsoleTest", "SJP.Fabulous.CoreConsoleTest\SJP.Fabulous.CoreConsoleTest.csproj", "{412AD369-BAFC-41AA-BD57-50CD9272C5AE}"
EndProject
Project("{FAE04EC0-301F-11D3-BF4B-00C04F79EFBC}") = "SJP.Fabulous.Tests", "SJP.Fabulous.Tests\SJP.Fabulous.Tests.csproj", "{ECA9A178-4ED2-4C8D-A7BB-145BD1331C23}"
EndProject
Global
	GlobalSection(SolutionConfigurationPlatforms) = preSolution
		Debug|Any CPU = Debug|Any CPU
		Release|Any CPU = Release|Any CPU
	EndGlobalSection
	GlobalSection(ProjectConfigurationPlatforms) = postSolution
		{B1B69BA7-1DB8-4709-8732-4A8B54493CBC}.Debug|Any CPU.ActiveCfg = Debug|Any CPU
		{B1B69BA7-1DB8-4709-8732-4A8B54493CBC}.Debug|Any CPU.Build.0 = Debug|Any CPU
		{B1B69BA7-1DB8-4709-8732-4A8B54493CBC}.Release|Any CPU.ActiveCfg = Release|Any CPU
		{B1B69BA7-1DB8-4709-8732-4A8B54493CBC}.Release|Any CPU.Build.0 = Release|Any CPU
		{21E22C85-EC26-4DA8-9CF0-1BE0E94916C0}.Debug|Any CPU.ActiveCfg = Debug|Any CPU
		{21E22C85-EC26-4DA8-9CF0-1BE0E94916C0}.Debug|Any CPU.Build.0 = Debug|Any CPU
		{21E22C85-EC26-4DA8-9CF0-1BE0E94916C0}.Release|Any CPU.ActiveCfg = Release|Any CPU
		{21E22C85-EC26-4DA8-9CF0-1BE0E94916C0}.Release|Any CPU.Build.0 = Release|Any CPU
		{412AD369-BAFC-41AA-BD57-50CD9272C5AE}.Debug|Any CPU.ActiveCfg = Debug|Any CPU
		{412AD369-BAFC-41AA-BD57-50CD9272C5AE}.Debug|Any CPU.Build.0 = Debug|Any CPU
		{412AD369-BAFC-41AA-BD57-50CD9272C5AE}.Release|Any CPU.ActiveCfg = Release|Any CPU
		{412AD369-BAFC-41AA-BD57-50CD9272C5AE}.Release|Any CPU.Build.0 = Release|Any CPU
		{ECA9A178-4ED2-4C8D-A7BB-145BD1331C23}.Debug|Any CPU.ActiveCfg = Debug|Any CPU
		{ECA9A178-4ED2-4C8D-A7BB-145BD1331C23}.Debug|Any CPU.Build.0 = Debug|Any CPU
		{ECA9A178-4ED2-4C8D-A7BB-145BD1331C23}.Release|Any CPU.ActiveCfg = Release|Any CPU
		{ECA9A178-4ED2-4C8D-A7BB-145BD1331C23}.Release|Any CPU.Build.0 = Release|Any CPU
	EndGlobalSection
	GlobalSection(SolutionProperties) = preSolution
		HideSolutionNode = FALSE
	EndGlobalSection
EndGlobal
